// !$*UTF8*$!
{
	archiveVersion = 1;
	classes = {
	};
	objectVersion = 56;
	objects = {

/* Begin PBXBuildFile section */
		3B124DFD2A7F9C51003CC5FA /* AppSetting.swift in Sources */ = {isa = PBXBuildFile; fileRef = 3B124DFC2A7F9C51003CC5FA /* AppSetting.swift */; };
		3B124E012A80AFF9003CC5FA /* EditItemView.swift in Sources */ = {isa = PBXBuildFile; fileRef = 3B124E002A80AFF9003CC5FA /* EditItemView.swift */; };
		3B4A739D2A8CCB97007E571D /* LottieView.swift in Sources */ = {isa = PBXBuildFile; fileRef = 3B4A739C2A8CCB97007E571D /* LottieView.swift */; };
		3B4A73A02A8CCBE5007E571D /* Lottie in Frameworks */ = {isa = PBXBuildFile; productRef = 3B4A739F2A8CCBE5007E571D /* Lottie */; };
		3B4A73A22A8CCC14007E571D /* cat.json in Resources */ = {isa = PBXBuildFile; fileRef = 3B4A73A12A8CCC13007E571D /* cat.json */; };
		3B68669B28ED1165005C3C4D /* FavoriteList.swift in Sources */ = {isa = PBXBuildFile; fileRef = 3B7DA58728EC7B9C00FC82D1 /* FavoriteList.swift */; };
		3B6D766E2A84CDB500062D1C /* FirebaseAnalytics in Frameworks */ = {isa = PBXBuildFile; productRef = 3B6D766D2A84CDB500062D1C /* FirebaseAnalytics */; };
		3B6D76702A84CDB500062D1C /* FirebaseFirestore in Frameworks */ = {isa = PBXBuildFile; productRef = 3B6D766F2A84CDB500062D1C /* FirebaseFirestore */; };
		3B95C6262A8B159600BC6376 /* GoogleSignInSwift in Frameworks */ = {isa = PBXBuildFile; productRef = 3B95C6252A8B159600BC6376 /* GoogleSignInSwift */; };
		3B95C6282A8B163500BC6376 /* Login.swift in Sources */ = {isa = PBXBuildFile; fileRef = 3B95C6272A8B163500BC6376 /* Login.swift */; };
		3B95C62B2A8B16AB00BC6376 /* FirebaseAuth in Frameworks */ = {isa = PBXBuildFile; productRef = 3B95C62A2A8B16AB00BC6376 /* FirebaseAuth */; };
		3B95C62E2A8B19E300BC6376 /* GoogleSignInViewController.swift in Sources */ = {isa = PBXBuildFile; fileRef = 3B95C62D2A8B19E300BC6376 /* GoogleSignInViewController.swift */; };
		3BB0191B28E400830094AAD2 /* ListView.swift in Sources */ = {isa = PBXBuildFile; fileRef = 3BB0191A28E400830094AAD2 /* ListView.swift */; };
		3BB0191E28E428720094AAD2 /* SettingTop.swift in Sources */ = {isa = PBXBuildFile; fileRef = 3BB0191D28E428720094AAD2 /* SettingTop.swift */; };
		3BCF53EA28E33A9E00E853D7 /* ShoppingAppApp.swift in Sources */ = {isa = PBXBuildFile; fileRef = 3BCF53E928E33A9E00E853D7 /* ShoppingAppApp.swift */; };
		3BCF53EE28E33AA000E853D7 /* Assets.xcassets in Resources */ = {isa = PBXBuildFile; fileRef = 3BCF53ED28E33AA000E853D7 /* Assets.xcassets */; };
		3BCF53F128E33AA000E853D7 /* Preview Assets.xcassets in Resources */ = {isa = PBXBuildFile; fileRef = 3BCF53F028E33AA000E853D7 /* Preview Assets.xcassets */; };
		3BCF53FE28E33AE400E853D7 /* ContentView.swift in Sources */ = {isa = PBXBuildFile; fileRef = 3BCF53FD28E33AE400E853D7 /* ContentView.swift */; };
		3BCF540428E33BD500E853D7 /* ListTopView.swift in Sources */ = {isa = PBXBuildFile; fileRef = 3BCF540328E33BD500E853D7 /* ListTopView.swift */; };
		3BCF540628E33BE900E853D7 /* Model.swift in Sources */ = {isa = PBXBuildFile; fileRef = 3BCF540528E33BE900E853D7 /* Model.swift */; };
		3BCF540828E33BF000E853D7 /* AddNewItem.swift in Sources */ = {isa = PBXBuildFile; fileRef = 3BCF540728E33BF000E853D7 /* AddNewItem.swift */; };
		3BCF540A28E33BF700E853D7 /* Buttons.swift in Sources */ = {isa = PBXBuildFile; fileRef = 3BCF540928E33BF700E853D7 /* Buttons.swift */; };
		3BCF541128E3D85D00E853D7 /* Keisan.swift in Sources */ = {isa = PBXBuildFile; fileRef = 3BCF541028E3D85D00E853D7 /* Keisan.swift */; };
		3BDD3D8C28E91D8100CAA478 /* EditLabel.swift in Sources */ = {isa = PBXBuildFile; fileRef = 3BDD3D8B28E91D8100CAA478 /* EditLabel.swift */; };
		3BED4A302A7D337D00E1CF32 /* GoogleService-Info.plist in Resources */ = {isa = PBXBuildFile; fileRef = 3BED4A2F2A7D337D00E1CF32 /* GoogleService-Info.plist */; };
		3BED4A3A2A7D3C4A00E1CF32 /* DataModel.swift in Sources */ = {isa = PBXBuildFile; fileRef = 3BED4A392A7D3C4A00E1CF32 /* DataModel.swift */; };
		3BED4A3E2A7E4B1900E1CF32 /* Tag.swift in Sources */ = {isa = PBXBuildFile; fileRef = 3BED4A3D2A7E4B1900E1CF32 /* Tag.swift */; };
/* End PBXBuildFile section */

/* Begin PBXFileReference section */
		3B124DFC2A7F9C51003CC5FA /* AppSetting.swift */ = {isa = PBXFileReference; lastKnownFileType = sourcecode.swift; path = AppSetting.swift; sourceTree = "<group>"; };
		3B124E002A80AFF9003CC5FA /* EditItemView.swift */ = {isa = PBXFileReference; lastKnownFileType = sourcecode.swift; path = EditItemView.swift; sourceTree = "<group>"; };
		3B4A739C2A8CCB97007E571D /* LottieView.swift */ = {isa = PBXFileReference; fileEncoding = 4; lastKnownFileType = sourcecode.swift; path = LottieView.swift; sourceTree = "<group>"; };
		3B4A73A12A8CCC13007E571D /* cat.json */ = {isa = PBXFileReference; fileEncoding = 4; lastKnownFileType = text.json; path = cat.json; sourceTree = "<group>"; };
		3B7DA58728EC7B9C00FC82D1 /* FavoriteList.swift */ = {isa = PBXFileReference; lastKnownFileType = sourcecode.swift; path = FavoriteList.swift; sourceTree = "<group>"; };
		3B95C6272A8B163500BC6376 /* Login.swift */ = {isa = PBXFileReference; lastKnownFileType = sourcecode.swift; path = Login.swift; sourceTree = "<group>"; };
		3B95C62C2A8B17ED00BC6376 /* Info.plist */ = {isa = PBXFileReference; lastKnownFileType = text.plist; path = Info.plist; sourceTree = "<group>"; };
		3B95C62D2A8B19E300BC6376 /* GoogleSignInViewController.swift */ = {isa = PBXFileReference; lastKnownFileType = sourcecode.swift; path = GoogleSignInViewController.swift; sourceTree = "<group>"; };
		3BB0191A28E400830094AAD2 /* ListView.swift */ = {isa = PBXFileReference; lastKnownFileType = sourcecode.swift; path = ListView.swift; sourceTree = "<group>"; };
		3BB0191D28E428720094AAD2 /* SettingTop.swift */ = {isa = PBXFileReference; lastKnownFileType = sourcecode.swift; path = SettingTop.swift; sourceTree = "<group>"; };
		3BCF53E628E33A9E00E853D7 /* ShoppingApp.app */ = {isa = PBXFileReference; explicitFileType = wrapper.application; includeInIndex = 0; path = ShoppingApp.app; sourceTree = BUILT_PRODUCTS_DIR; };
		3BCF53E928E33A9E00E853D7 /* ShoppingAppApp.swift */ = {isa = PBXFileReference; lastKnownFileType = sourcecode.swift; path = ShoppingAppApp.swift; sourceTree = "<group>"; };
		3BCF53ED28E33AA000E853D7 /* Assets.xcassets */ = {isa = PBXFileReference; lastKnownFileType = folder.assetcatalog; path = Assets.xcassets; sourceTree = "<group>"; };
		3BCF53F028E33AA000E853D7 /* Preview Assets.xcassets */ = {isa = PBXFileReference; lastKnownFileType = folder.assetcatalog; path = "Preview Assets.xcassets"; sourceTree = "<group>"; };
		3BCF53FD28E33AE400E853D7 /* ContentView.swift */ = {isa = PBXFileReference; fileEncoding = 4; lastKnownFileType = sourcecode.swift; path = ContentView.swift; sourceTree = "<group>"; };
		3BCF540328E33BD500E853D7 /* ListTopView.swift */ = {isa = PBXFileReference; fileEncoding = 4; lastKnownFileType = sourcecode.swift; path = ListTopView.swift; sourceTree = "<group>"; };
		3BCF540528E33BE900E853D7 /* Model.swift */ = {isa = PBXFileReference; fileEncoding = 4; lastKnownFileType = sourcecode.swift; path = Model.swift; sourceTree = "<group>"; };
		3BCF540728E33BF000E853D7 /* AddNewItem.swift */ = {isa = PBXFileReference; fileEncoding = 4; lastKnownFileType = sourcecode.swift; path = AddNewItem.swift; sourceTree = "<group>"; };
		3BCF540928E33BF700E853D7 /* Buttons.swift */ = {isa = PBXFileReference; fileEncoding = 4; lastKnownFileType = sourcecode.swift; path = Buttons.swift; sourceTree = "<group>"; };
		3BCF541028E3D85D00E853D7 /* Keisan.swift */ = {isa = PBXFileReference; lastKnownFileType = sourcecode.swift; path = Keisan.swift; sourceTree = "<group>"; };
		3BDD3D8B28E91D8100CAA478 /* EditLabel.swift */ = {isa = PBXFileReference; lastKnownFileType = sourcecode.swift; path = EditLabel.swift; sourceTree = "<group>"; };
		3BED4A2F2A7D337D00E1CF32 /* GoogleService-Info.plist */ = {isa = PBXFileReference; fileEncoding = 4; lastKnownFileType = text.plist.xml; path = "GoogleService-Info.plist"; sourceTree = "<group>"; };
		3BED4A392A7D3C4A00E1CF32 /* DataModel.swift */ = {isa = PBXFileReference; lastKnownFileType = sourcecode.swift; path = DataModel.swift; sourceTree = "<group>"; };
		3BED4A3D2A7E4B1900E1CF32 /* Tag.swift */ = {isa = PBXFileReference; lastKnownFileType = sourcecode.swift; path = Tag.swift; sourceTree = "<group>"; };
/* End PBXFileReference section */

/* Begin PBXFrameworksBuildPhase section */
		3BCF53E328E33A9E00E853D7 /* Frameworks */ = {
			isa = PBXFrameworksBuildPhase;
			buildActionMask = 2147483647;
			files = (
				3B4A73A02A8CCBE5007E571D /* Lottie in Frameworks */,
				3B95C6262A8B159600BC6376 /* GoogleSignInSwift in Frameworks */,
				3B6D766E2A84CDB500062D1C /* FirebaseAnalytics in Frameworks */,
				3B6D76702A84CDB500062D1C /* FirebaseFirestore in Frameworks */,
				3B95C62B2A8B16AB00BC6376 /* FirebaseAuth in Frameworks */,
			);
			runOnlyForDeploymentPostprocessing = 0;
		};
/* End PBXFrameworksBuildPhase section */

/* Begin PBXGroup section */
		3B124DFE2A7FD5C5003CC5FA /* SystemUI */ = {
			isa = PBXGroup;
			children = (
				3BED4A3D2A7E4B1900E1CF32 /* Tag.swift */,
				3BCF540928E33BF700E853D7 /* Buttons.swift */,
			);
			path = SystemUI;
			sourceTree = "<group>";
		};
		3B124DFF2A7FD5D9003CC5FA /* TopView */ = {
			isa = PBXGroup;
			children = (
				3BCF53FD28E33AE400E853D7 /* ContentView.swift */,
				3B95C6272A8B163500BC6376 /* Login.swift */,
				3B95C62D2A8B19E300BC6376 /* GoogleSignInViewController.swift */,
			);
			path = TopView;
			sourceTree = "<group>";
		};
		3B95C6292A8B16AB00BC6376 /* Frameworks */ = {
			isa = PBXGroup;
			children = (
			);
			name = Frameworks;
			sourceTree = "<group>";
		};
		3BB0191C28E428580094AAD2 /* Setting */ = {
			isa = PBXGroup;
			children = (
				3BB0191D28E428720094AAD2 /* SettingTop.swift */,
				3BDD3D8B28E91D8100CAA478 /* EditLabel.swift */,
				3B7DA58728EC7B9C00FC82D1 /* FavoriteList.swift */,
			);
			path = Setting;
			sourceTree = "<group>";
		};
		3BCF53DD28E33A9E00E853D7 = {
			isa = PBXGroup;
			children = (
				3BCF53E928E33A9E00E853D7 /* ShoppingAppApp.swift */,
				3BCF53E828E33A9E00E853D7 /* ShoppingApp */,
				3BCF53E728E33A9E00E853D7 /* Products */,
				3B95C6292A8B16AB00BC6376 /* Frameworks */,
			);
			sourceTree = "<group>";
		};
		3BCF53E728E33A9E00E853D7 /* Products */ = {
			isa = PBXGroup;
			children = (
				3BCF53E628E33A9E00E853D7 /* ShoppingApp.app */,
			);
			name = Products;
			sourceTree = "<group>";
		};
		3BCF53E828E33A9E00E853D7 /* ShoppingApp */ = {
			isa = PBXGroup;
			children = (
				3B95C62C2A8B17ED00BC6376 /* Info.plist */,
				3BCF540E28E3D51700E853D7 /* Model */,
				3BCF53FC28E33ABD00E853D7 /* View */,
				3BED4A3C2A7E364800E1CF32 /* ViewModel */,
				3BCF53EF28E33AA000E853D7 /* Preview Content */,
			);
			path = ShoppingApp;
			sourceTree = "<group>";
		};
		3BCF53EF28E33AA000E853D7 /* Preview Content */ = {
			isa = PBXGroup;
			children = (
				3BCF53ED28E33AA000E853D7 /* Assets.xcassets */,
				3BCF53F028E33AA000E853D7 /* Preview Assets.xcassets */,
				3BED4A2F2A7D337D00E1CF32 /* GoogleService-Info.plist */,
				3B4A739C2A8CCB97007E571D /* LottieView.swift */,
				3B4A73A12A8CCC13007E571D /* cat.json */,
			);
			path = "Preview Content";
			sourceTree = "<group>";
		};
		3BCF53FC28E33ABD00E853D7 /* View */ = {
			isa = PBXGroup;
			children = (
				3B124DFF2A7FD5D9003CC5FA /* TopView */,
				3BCF540B28E3D4EB00E853D7 /* List */,
				3BCF540F28E3D84600E853D7 /* Keisan */,
				3BB0191C28E428580094AAD2 /* Setting */,
				3B124DFE2A7FD5C5003CC5FA /* SystemUI */,
			);
			path = View;
			sourceTree = "<group>";
		};
		3BCF540B28E3D4EB00E853D7 /* List */ = {
			isa = PBXGroup;
			children = (
				3BCF540328E33BD500E853D7 /* ListTopView.swift */,
				3BB0191A28E400830094AAD2 /* ListView.swift */,
				3BCF540728E33BF000E853D7 /* AddNewItem.swift */,
				3B124E002A80AFF9003CC5FA /* EditItemView.swift */,
			);
			path = List;
			sourceTree = "<group>";
		};
		3BCF540E28E3D51700E853D7 /* Model */ = {
			isa = PBXGroup;
			children = (
				3BCF540528E33BE900E853D7 /* Model.swift */,
				3B124DFC2A7F9C51003CC5FA /* AppSetting.swift */,
			);
			path = Model;
			sourceTree = "<group>";
		};
		3BCF540F28E3D84600E853D7 /* Keisan */ = {
			isa = PBXGroup;
			children = (
				3BCF541028E3D85D00E853D7 /* Keisan.swift */,
			);
			path = Keisan;
			sourceTree = "<group>";
		};
		3BED4A3C2A7E364800E1CF32 /* ViewModel */ = {
			isa = PBXGroup;
			children = (
				3BED4A392A7D3C4A00E1CF32 /* DataModel.swift */,
			);
			path = ViewModel;
			sourceTree = "<group>";
		};
/* End PBXGroup section */

/* Begin PBXNativeTarget section */
		3BCF53E528E33A9E00E853D7 /* ShoppingApp */ = {
			isa = PBXNativeTarget;
			buildConfigurationList = 3BCF53F928E33AA000E853D7 /* Build configuration list for PBXNativeTarget "ShoppingApp" */;
			buildPhases = (
				3BCF53E228E33A9E00E853D7 /* Sources */,
				3BCF53E328E33A9E00E853D7 /* Frameworks */,
				3BCF53E428E33A9E00E853D7 /* Resources */,
			);
			buildRules = (
			);
			dependencies = (
			);
			name = ShoppingApp;
			packageProductDependencies = (
				3B6D766D2A84CDB500062D1C /* FirebaseAnalytics */,
				3B6D766F2A84CDB500062D1C /* FirebaseFirestore */,
				3B95C6252A8B159600BC6376 /* GoogleSignInSwift */,
				3B95C62A2A8B16AB00BC6376 /* FirebaseAuth */,
				3B4A739F2A8CCBE5007E571D /* Lottie */,
			);
			productName = ShoppingApp;
			productReference = 3BCF53E628E33A9E00E853D7 /* ShoppingApp.app */;
			productType = "com.apple.product-type.application";
		};
/* End PBXNativeTarget section */

/* Begin PBXProject section */
		3BCF53DE28E33A9E00E853D7 /* Project object */ = {
			isa = PBXProject;
			attributes = {
				BuildIndependentTargetsInParallel = 1;
				LastSwiftUpdateCheck = 1400;
				LastUpgradeCheck = 1400;
				TargetAttributes = {
					3BCF53E528E33A9E00E853D7 = {
						CreatedOnToolsVersion = 14.0;
					};
				};
			};
			buildConfigurationList = 3BCF53E128E33A9E00E853D7 /* Build configuration list for PBXProject "ShoppingApp" */;
			compatibilityVersion = "Xcode 14.0";
			developmentRegion = en;
			hasScannedForEncodings = 0;
			knownRegions = (
				en,
				Base,
			);
			mainGroup = 3BCF53DD28E33A9E00E853D7;
			packageReferences = (
				3B6D766C2A84CDB500062D1C /* XCRemoteSwiftPackageReference "firebase-ios-sdk" */,
				3B95C6242A8B159600BC6376 /* XCRemoteSwiftPackageReference "GoogleSignIn-iOS" */,
				3B4A739E2A8CCBE5007E571D /* XCRemoteSwiftPackageReference "lottie-ios" */,
			);
			productRefGroup = 3BCF53E728E33A9E00E853D7 /* Products */;
			projectDirPath = "";
			projectRoot = "";
			targets = (
				3BCF53E528E33A9E00E853D7 /* ShoppingApp */,
			);
		};
/* End PBXProject section */

/* Begin PBXResourcesBuildPhase section */
		3BCF53E428E33A9E00E853D7 /* Resources */ = {
			isa = PBXResourcesBuildPhase;
			buildActionMask = 2147483647;
			files = (
				3BCF53F128E33AA000E853D7 /* Preview Assets.xcassets in Resources */,
				3B4A73A22A8CCC14007E571D /* cat.json in Resources */,
				3BED4A302A7D337D00E1CF32 /* GoogleService-Info.plist in Resources */,
				3BCF53EE28E33AA000E853D7 /* Assets.xcassets in Resources */,
			);
			runOnlyForDeploymentPostprocessing = 0;
		};
/* End PBXResourcesBuildPhase section */

/* Begin PBXSourcesBuildPhase section */
		3BCF53E228E33A9E00E853D7 /* Sources */ = {
			isa = PBXSourcesBuildPhase;
			buildActionMask = 2147483647;
			files = (
				3BCF540628E33BE900E853D7 /* Model.swift in Sources */,
				3BB0191B28E400830094AAD2 /* ListView.swift in Sources */,
				3BCF540828E33BF000E853D7 /* AddNewItem.swift in Sources */,
				3BED4A3A2A7D3C4A00E1CF32 /* DataModel.swift in Sources */,
				3BCF540428E33BD500E853D7 /* ListTopView.swift in Sources */,
				3B124E012A80AFF9003CC5FA /* EditItemView.swift in Sources */,
				3BCF540A28E33BF700E853D7 /* Buttons.swift in Sources */,
				3B68669B28ED1165005C3C4D /* FavoriteList.swift in Sources */,
				3BCF541128E3D85D00E853D7 /* Keisan.swift in Sources */,
				3B124DFD2A7F9C51003CC5FA /* AppSetting.swift in Sources */,
				3BCF53FE28E33AE400E853D7 /* ContentView.swift in Sources */,
				3B4A739D2A8CCB97007E571D /* LottieView.swift in Sources */,
				3BDD3D8C28E91D8100CAA478 /* EditLabel.swift in Sources */,
				3BED4A3E2A7E4B1900E1CF32 /* Tag.swift in Sources */,
				3B95C62E2A8B19E300BC6376 /* GoogleSignInViewController.swift in Sources */,
				3BB0191E28E428720094AAD2 /* SettingTop.swift in Sources */,
				3BCF53EA28E33A9E00E853D7 /* ShoppingAppApp.swift in Sources */,
				3B95C6282A8B163500BC6376 /* Login.swift in Sources */,
			);
			runOnlyForDeploymentPostprocessing = 0;
		};
/* End PBXSourcesBuildPhase section */

/* Begin XCBuildConfiguration section */
		3BCF53F728E33AA000E853D7 /* Debug */ = {
			isa = XCBuildConfiguration;
			buildSettings = {
				ALWAYS_SEARCH_USER_PATHS = NO;
				CLANG_ANALYZER_NONNULL = YES;
				CLANG_ANALYZER_NUMBER_OBJECT_CONVERSION = YES_AGGRESSIVE;
				CLANG_CXX_LANGUAGE_STANDARD = "gnu++20";
				CLANG_ENABLE_MODULES = YES;
				CLANG_ENABLE_OBJC_ARC = YES;
				CLANG_ENABLE_OBJC_WEAK = YES;
				CLANG_WARN_BLOCK_CAPTURE_AUTORELEASING = YES;
				CLANG_WARN_BOOL_CONVERSION = YES;
				CLANG_WARN_COMMA = YES;
				CLANG_WARN_CONSTANT_CONVERSION = YES;
				CLANG_WARN_DEPRECATED_OBJC_IMPLEMENTATIONS = YES;
				CLANG_WARN_DIRECT_OBJC_ISA_USAGE = YES_ERROR;
				CLANG_WARN_DOCUMENTATION_COMMENTS = YES;
				CLANG_WARN_EMPTY_BODY = YES;
				CLANG_WARN_ENUM_CONVERSION = YES;
				CLANG_WARN_INFINITE_RECURSION = YES;
				CLANG_WARN_INT_CONVERSION = YES;
				CLANG_WARN_NON_LITERAL_NULL_CONVERSION = YES;
				CLANG_WARN_OBJC_IMPLICIT_RETAIN_SELF = YES;
				CLANG_WARN_OBJC_LITERAL_CONVERSION = YES;
				CLANG_WARN_OBJC_ROOT_CLASS = YES_ERROR;
				CLANG_WARN_QUOTED_INCLUDE_IN_FRAMEWORK_HEADER = YES;
				CLANG_WARN_RANGE_LOOP_ANALYSIS = YES;
				CLANG_WARN_STRICT_PROTOTYPES = YES;
				CLANG_WARN_SUSPICIOUS_MOVE = YES;
				CLANG_WARN_UNGUARDED_AVAILABILITY = YES_AGGRESSIVE;
				CLANG_WARN_UNREACHABLE_CODE = YES;
				CLANG_WARN__DUPLICATE_METHOD_MATCH = YES;
				COPY_PHASE_STRIP = NO;
				DEBUG_INFORMATION_FORMAT = dwarf;
				ENABLE_STRICT_OBJC_MSGSEND = YES;
				ENABLE_TESTABILITY = YES;
				GCC_C_LANGUAGE_STANDARD = gnu11;
				GCC_DYNAMIC_NO_PIC = NO;
				GCC_NO_COMMON_BLOCKS = YES;
				GCC_OPTIMIZATION_LEVEL = 0;
				GCC_PREPROCESSOR_DEFINITIONS = (
					"DEBUG=1",
					"$(inherited)",
				);
				GCC_WARN_64_TO_32_BIT_CONVERSION = YES;
				GCC_WARN_ABOUT_RETURN_TYPE = YES_ERROR;
				GCC_WARN_UNDECLARED_SELECTOR = YES;
				GCC_WARN_UNINITIALIZED_AUTOS = YES_AGGRESSIVE;
				GCC_WARN_UNUSED_FUNCTION = YES;
				GCC_WARN_UNUSED_VARIABLE = YES;
				IPHONEOS_DEPLOYMENT_TARGET = 16.0;
				MTL_ENABLE_DEBUG_INFO = INCLUDE_SOURCE;
				MTL_FAST_MATH = YES;
				ONLY_ACTIVE_ARCH = YES;
				SDKROOT = iphoneos;
				SWIFT_ACTIVE_COMPILATION_CONDITIONS = DEBUG;
				SWIFT_OPTIMIZATION_LEVEL = "-Onone";
			};
			name = Debug;
		};
		3BCF53F828E33AA000E853D7 /* Release */ = {
			isa = XCBuildConfiguration;
			buildSettings = {
				ALWAYS_SEARCH_USER_PATHS = NO;
				CLANG_ANALYZER_NONNULL = YES;
				CLANG_ANALYZER_NUMBER_OBJECT_CONVERSION = YES_AGGRESSIVE;
				CLANG_CXX_LANGUAGE_STANDARD = "gnu++20";
				CLANG_ENABLE_MODULES = YES;
				CLANG_ENABLE_OBJC_ARC = YES;
				CLANG_ENABLE_OBJC_WEAK = YES;
				CLANG_WARN_BLOCK_CAPTURE_AUTORELEASING = YES;
				CLANG_WARN_BOOL_CONVERSION = YES;
				CLANG_WARN_COMMA = YES;
				CLANG_WARN_CONSTANT_CONVERSION = YES;
				CLANG_WARN_DEPRECATED_OBJC_IMPLEMENTATIONS = YES;
				CLANG_WARN_DIRECT_OBJC_ISA_USAGE = YES_ERROR;
				CLANG_WARN_DOCUMENTATION_COMMENTS = YES;
				CLANG_WARN_EMPTY_BODY = YES;
				CLANG_WARN_ENUM_CONVERSION = YES;
				CLANG_WARN_INFINITE_RECURSION = YES;
				CLANG_WARN_INT_CONVERSION = YES;
				CLANG_WARN_NON_LITERAL_NULL_CONVERSION = YES;
				CLANG_WARN_OBJC_IMPLICIT_RETAIN_SELF = YES;
				CLANG_WARN_OBJC_LITERAL_CONVERSION = YES;
				CLANG_WARN_OBJC_ROOT_CLASS = YES_ERROR;
				CLANG_WARN_QUOTED_INCLUDE_IN_FRAMEWORK_HEADER = YES;
				CLANG_WARN_RANGE_LOOP_ANALYSIS = YES;
				CLANG_WARN_STRICT_PROTOTYPES = YES;
				CLANG_WARN_SUSPICIOUS_MOVE = YES;
				CLANG_WARN_UNGUARDED_AVAILABILITY = YES_AGGRESSIVE;
				CLANG_WARN_UNREACHABLE_CODE = YES;
				CLANG_WARN__DUPLICATE_METHOD_MATCH = YES;
				COPY_PHASE_STRIP = NO;
				DEBUG_INFORMATION_FORMAT = "dwarf-with-dsym";
				ENABLE_NS_ASSERTIONS = NO;
				ENABLE_STRICT_OBJC_MSGSEND = YES;
				GCC_C_LANGUAGE_STANDARD = gnu11;
				GCC_NO_COMMON_BLOCKS = YES;
				GCC_WARN_64_TO_32_BIT_CONVERSION = YES;
				GCC_WARN_ABOUT_RETURN_TYPE = YES_ERROR;
				GCC_WARN_UNDECLARED_SELECTOR = YES;
				GCC_WARN_UNINITIALIZED_AUTOS = YES_AGGRESSIVE;
				GCC_WARN_UNUSED_FUNCTION = YES;
				GCC_WARN_UNUSED_VARIABLE = YES;
				IPHONEOS_DEPLOYMENT_TARGET = 16.0;
				MTL_ENABLE_DEBUG_INFO = NO;
				MTL_FAST_MATH = YES;
				SDKROOT = iphoneos;
				SWIFT_COMPILATION_MODE = wholemodule;
				SWIFT_OPTIMIZATION_LEVEL = "-O";
				VALIDATE_PRODUCT = YES;
			};
			name = Release;
		};
		3BCF53FA28E33AA000E853D7 /* Debug */ = {
			isa = XCBuildConfiguration;
			buildSettings = {
				ASSETCATALOG_COMPILER_APPICON_NAME = AppIcon;
				ASSETCATALOG_COMPILER_GLOBAL_ACCENT_COLOR_NAME = AccentColor;
				CODE_SIGN_STYLE = Automatic;
				CURRENT_PROJECT_VERSION = 1;
				DEVELOPMENT_ASSET_PATHS = "\"ShoppingApp/Preview Content\"";
				DEVELOPMENT_TEAM = 6876CTW4C6;
				ENABLE_PREVIEWS = YES;
				GENERATE_INFOPLIST_FILE = YES;
				INFOPLIST_FILE = ShoppingApp/Info.plist;
				INFOPLIST_KEY_UIApplicationSceneManifest_Generation = YES;
				INFOPLIST_KEY_UIApplicationSupportsIndirectInputEvents = YES;
				INFOPLIST_KEY_UILaunchScreen_Generation = YES;
				INFOPLIST_KEY_UISupportedInterfaceOrientations_iPad = "UIInterfaceOrientationPortrait UIInterfaceOrientationPortraitUpsideDown UIInterfaceOrientationLandscapeLeft UIInterfaceOrientationLandscapeRight";
				INFOPLIST_KEY_UISupportedInterfaceOrientations_iPhone = "UIInterfaceOrientationPortrait UIInterfaceOrientationLandscapeLeft UIInterfaceOrientationLandscapeRight";
				LD_RUNPATH_SEARCH_PATHS = (
					"$(inherited)",
					"@executable_path/Frameworks",
				);
				MARKETING_VERSION = 1.0;
				PRODUCT_BUNDLE_IDENTIFIER = amatnug.amatnug.ShoppingApp;
				PRODUCT_NAME = "$(TARGET_NAME)";
				SWIFT_EMIT_LOC_STRINGS = YES;
				SWIFT_VERSION = 5.0;
				TARGETED_DEVICE_FAMILY = "1,2";
			};
			name = Debug;
		};
		3BCF53FB28E33AA000E853D7 /* Release */ = {
			isa = XCBuildConfiguration;
			buildSettings = {
				ASSETCATALOG_COMPILER_APPICON_NAME = AppIcon;
				ASSETCATALOG_COMPILER_GLOBAL_ACCENT_COLOR_NAME = AccentColor;
				CODE_SIGN_STYLE = Automatic;
				CURRENT_PROJECT_VERSION = 1;
				DEVELOPMENT_ASSET_PATHS = "\"ShoppingApp/Preview Content\"";
				DEVELOPMENT_TEAM = 6876CTW4C6;
				ENABLE_PREVIEWS = YES;
				GENERATE_INFOPLIST_FILE = YES;
				INFOPLIST_FILE = ShoppingApp/Info.plist;
				INFOPLIST_KEY_UIApplicationSceneManifest_Generation = YES;
				INFOPLIST_KEY_UIApplicationSupportsIndirectInputEvents = YES;
				INFOPLIST_KEY_UILaunchScreen_Generation = YES;
				INFOPLIST_KEY_UISupportedInterfaceOrientations_iPad = "UIInterfaceOrientationPortrait UIInterfaceOrientationPortraitUpsideDown UIInterfaceOrientationLandscapeLeft UIInterfaceOrientationLandscapeRight";
				INFOPLIST_KEY_UISupportedInterfaceOrientations_iPhone = "UIInterfaceOrientationPortrait UIInterfaceOrientationLandscapeLeft UIInterfaceOrientationLandscapeRight";
				LD_RUNPATH_SEARCH_PATHS = (
					"$(inherited)",
					"@executable_path/Frameworks",
				);
				MARKETING_VERSION = 1.0;
				PRODUCT_BUNDLE_IDENTIFIER = amatnug.amatnug.ShoppingApp;
				PRODUCT_NAME = "$(TARGET_NAME)";
				SWIFT_EMIT_LOC_STRINGS = YES;
				SWIFT_VERSION = 5.0;
				TARGETED_DEVICE_FAMILY = "1,2";
			};
			name = Release;
		};
/* End XCBuildConfiguration section */

/* Begin XCConfigurationList section */
		3BCF53E128E33A9E00E853D7 /* Build configuration list for PBXProject "ShoppingApp" */ = {
			isa = XCConfigurationList;
			buildConfigurations = (
				3BCF53F728E33AA000E853D7 /* Debug */,
				3BCF53F828E33AA000E853D7 /* Release */,
			);
			defaultConfigurationIsVisible = 0;
			defaultConfigurationName = Release;
		};
		3BCF53F928E33AA000E853D7 /* Build configuration list for PBXNativeTarget "ShoppingApp" */ = {
			isa = XCConfigurationList;
			buildConfigurations = (
				3BCF53FA28E33AA000E853D7 /* Debug */,
				3BCF53FB28E33AA000E853D7 /* Release */,
			);
			defaultConfigurationIsVisible = 0;
			defaultConfigurationName = Release;
		};
/* End XCConfigurationList section */

/* Begin XCRemoteSwiftPackageReference section */
		3B4A739E2A8CCBE5007E571D /* XCRemoteSwiftPackageReference "lottie-ios" */ = {
			isa = XCRemoteSwiftPackageReference;
			repositoryURL = "https://github.com/airbnb/lottie-ios";
			requirement = {
				kind = upToNextMajorVersion;
				minimumVersion = 4.0.0;
			};
		};
		3B6D766C2A84CDB500062D1C /* XCRemoteSwiftPackageReference "firebase-ios-sdk" */ = {
			isa = XCRemoteSwiftPackageReference;
			repositoryURL = "https://github.com/firebase/firebase-ios-sdk";
			requirement = {
				branch = master;
				kind = branch;
			};
		};
		3B95C6242A8B159600BC6376 /* XCRemoteSwiftPackageReference "GoogleSignIn-iOS" */ = {
			isa = XCRemoteSwiftPackageReference;
			repositoryURL = "https://github.com/google/GoogleSignIn-iOS";
			requirement = {
				kind = upToNextMajorVersion;
				minimumVersion = 7.0.0;
			};
		};
/* End XCRemoteSwiftPackageReference section */

/* Begin XCSwiftPackageProductDependency section */
		3B4A739F2A8CCBE5007E571D /* Lottie */ = {
			isa = XCSwiftPackageProductDependency;
			package = 3B4A739E2A8CCBE5007E571D /* XCRemoteSwiftPackageReference "lottie-ios" */;
			productName = Lottie;
		};
		3B6D766D2A84CDB500062D1C /* FirebaseAnalytics */ = {
			isa = XCSwiftPackageProductDependency;
			package = 3B6D766C2A84CDB500062D1C /* XCRemoteSwiftPackageReference "firebase-ios-sdk" */;
			productName = FirebaseAnalytics;
		};
		3B6D766F2A84CDB500062D1C /* FirebaseFirestore */ = {
			isa = XCSwiftPackageProductDependency;
			package = 3B6D766C2A84CDB500062D1C /* XCRemoteSwiftPackageReference "firebase-ios-sdk" */;
			productName = FirebaseFirestore;
		};
		3B95C6252A8B159600BC6376 /* GoogleSignInSwift */ = {
			isa = XCSwiftPackageProductDependency;
			package = 3B95C6242A8B159600BC6376 /* XCRemoteSwiftPackageReference "GoogleSignIn-iOS" */;
			productName = GoogleSignInSwift;
		};
		3B95C62A2A8B16AB00BC6376 /* FirebaseAuth */ = {
			isa = XCSwiftPackageProductDependency;
			package = 3B6D766C2A84CDB500062D1C /* XCRemoteSwiftPackageReference "firebase-ios-sdk" */;
			productName = FirebaseAuth;
		};
/* End XCSwiftPackageProductDependency section */
	};
	rootObject = 3BCF53DE28E33A9E00E853D7 /* Project object */;
}
